
Microsoft Visual Studio Solution File, Format Version 12.00
# Visual Studio 15
VisualStudioVersion = 15.0.27130.2027
MinimumVisualStudioVersion = 10.0.40219.1
Project("{FAE04EC0-301F-11D3-BF4B-00C04F79EFBC}") = "quicksortcsharp", "quicksortcsharp\quicksortcsharp.csproj", "{E4311A49-0F5B-4A4F-BABB-FD1344B0C13A}"
EndProject
Global
	GlobalSection(SolutionConfigurationPlatforms) = preSolution
		Debug|Any CPU = Debug|Any CPU
		Release|Any CPU = Release|Any CPU
	EndGlobalSection
	GlobalSection(ProjectConfigurationPlatforms) = postSolution
		{E4311A49-0F5B-4A4F-BABB-FD1344B0C13A}.Debug|Any CPU.ActiveCfg = Debug|Any CPU
		{E4311A49-0F5B-4A4F-BABB-FD1344B0C13A}.Debug|Any CPU.Build.0 = Debug|Any CPU
		{E4311A49-0F5B-4A4F-BABB-FD1344B0C13A}.Release|Any CPU.ActiveCfg = Release|Any CPU
		{E4311A49-0F5B-4A4F-BABB-FD1344B0C13A}.Release|Any CPU.Build.0 = Release|Any CPU
	EndGlobalSection
	GlobalSection(SolutionProperties) = preSolution
		HideSolutionNode = FALSE
	EndGlobalSection
	GlobalSection(ExtensibilityGlobals) = postSolution
		SolutionGuid = {0C697DED-D6D3-411F-966A-DEC34C2B9F24}
	EndGlobalSection
EndGlobal
